github.com/KyleBanks/depth v1.2.1 h1:5h8fQADFrWtarTdtDudMmGsC7GPbOAu6RVB3ffsVFHc=
github.com/KyleBanks/depth v1.2.1/go.mod h1:jzSb9d0L43HxTQfT+oSA1EEp2q+ne2uh6XgeJcm8brE=
github.com/antlr4-go/antlr/v4 v4.13.0 h1:lxCg3LAv+EUK6t1i0y1V6/SLeUi0eKEKdhQAlS8TVTI=
github.com/antlr4-go/antlr/v4 v4.13.0/go.mod h1:pfChB/xh/Unjila75QW7+VU4TSnWnnk9UTnmpPaOR2g=
github.com/aws/aws-lambda-go v1.48.0 h1:1aZUYsrJu0yo5fC4z+Rba1KhNImXcJcvHu763BxoyIo=
github.com/aws/aws-lambda-go v1.48.0/go.mod h1:dpMpZgvWx5vuQJfBt0zqBha60q7Dd7RfgJv23DymV8A=
github.com/aws/aws-sdk-go-v2 v1.36.3 h1:mJoei2CxPutQVxaATCzDUjcZEjVRdpsiiXi2o38yqWM=
github.com/aws/aws-sdk-go-v2 v1.36.3/go.mod h1:LLXuLpgzEbD766Z5ECcRmi8AzSwfZItDtmABVkRLGzg=
github.com/aws/aws-sdk-go-v2/aws/protocol/eventstream v1.6.10 h1:zAybnyUQXIZ5mok5Jqwlf58/TFE7uvd3IAsa1aF9cXs=
github.com/aws/aws-sdk-go-v2/aws/protocol/eventstream v1.6.10/go.mod h1:qqvMj6gHLR/EXWZw4ZbqlPbQUyenf4h82UQUlKc+l14=
github.com/aws/aws-sdk-go-v2/config v1.29.14 h1:f+eEi/2cKCg9pqKBoAIwRGzVb70MRKqWX4dg1BDcSJM=
github.com/aws/aws-sdk-go-v2/config v1.29.14/go.mod h1:wVPHWcIFv3WO89w0rE10gzf17ZYy+UVS1Geq8Iei34g=
github.com/aws/aws-sdk-go-v2/credentials v1.17.67 h1:9KxtdcIA/5xPNQyZRgUSpYOE6j9Bc4+D7nZua0KGYOM=
github.com/aws/aws-sdk-go-v2/credentials v1.17.67/go.mod h1:p3C44m+cfnbv763s52gCqrjaqyPikj9Sg47kUVaNZQQ=
github.com/aws/aws-sdk-go-v2/feature/ec2/imds v1.16.30 h1:x793wxmUWVDhshP8WW2mlnXuFrO4cOd3HLBroh1paFw=
github.com/aws/aws-sdk-go-v2/feature/ec2/imds v1.16.30/go.mod h1:Jpne2tDnYiFascUEs2AWHJL9Yp7A5ZVy3TNyxaAjD6M=
github.com/aws/aws-sdk-go-v2/internal/configsources v1.3.34 h1:ZK5jHhnrioRkUNOc+hOgQKlUL5JeC3S6JgLxtQ+Rm0Q=
github.com/aws/aws-sdk-go-v2/internal/configsources v1.3.34/go.mod h1:p4VfIceZokChbA9FzMbRGz5OV+lekcVtHlPKEO0gSZY=
github.com/aws/aws-sdk-go-v2/internal/endpoints/v2 v2.6.34 h1:SZwFm17ZUNNg5Np0ioo/gq8Mn6u9w19Mri8DnJ15Jf0=
github.com/aws/aws-sdk-go-v2/internal/endpoints/v2 v2.6.34/go.mod h1:dFZsC0BLo346mvKQLWmoJxT+Sjp+qcVR1tRVHQGOH9Q=
github.com/aws/aws-sdk-go-v2/internal/ini v1.8.3 h1:bIqFDwgGXXN1Kpp99pDOdKMTTb5d2KyU5X/BZxjOkRo=
github.com/aws/aws-sdk-go-v2/internal/ini v1.8.3/go.mod h1:H5O/EsxDWyU+LP/V8i5sm8cxoZgc2fdNR9bxlOFrQTo=
github.com/aws/aws-sdk-go-v2/internal/v4a v1.3.34 h1:ZNTqv4nIdE/DiBfUUfXcLZ/Spcuz+RjeziUtNJackkM=
github.com/aws/aws-sdk-go-v2/internal/v4a v1.3.34/go.mod h1:zf7Vcd1ViW7cPqYWEHLHJkS50X0JS2IKz9Cgaj6ugrs=
github.com/aws/aws-sdk-go-v2/service/internal/accept-encoding v1.12.3 h1:eAh2A4b5IzM/lum78bZ590jy36+d/aFLgKF/4Vd1xPE=
github.com/aws/aws-sdk-go-v2/service/internal/accept-encoding v1.12.3/go.mod h1:0yKJC/kb8sAnmlYa6Zs3QVYqaC8ug2AbnNChv5Ox3uA=
github.com/aws/aws-sdk-go-v2/service/internal/checksum v1.7.1 h1:4nm2G6A4pV9rdlWzGMPv4BNtQp22v1hg3yrtkYpeLl8=
github.com/aws/aws-sdk-go-v2/service/internal/checksum v1.7.1/go.mod h1:iu6FSzgt+M2/x3Dk8zhycdIcHjEFb36IS8HVUVFoMg0=
github.com/aws/aws-sdk-go-v2/service/internal/presigned-url v1.12.15 h1:dM9/92u2F1JbDaGooxTq18wmmFzbJRfXfVfy96/1CXM=
github.com/aws/aws-sdk-go-v2/service/internal/presigned-url v1.12.15/go.mod h1:SwFBy2vjtA0vZbjjaFtfN045boopadnoVPhu4Fv66vY=
github.com/aws/aws-sdk-go-v2/service/internal/s3shared v1.18.15 h1:moLQUoVq91LiqT1nbvzDukyqAlCv89ZmwaHw/ZFlFZg=
github.com/aws/aws-sdk-go-v2/service/internal/s3shared v1.18.15/go.mod h1:ZH34PJUc8ApjBIfgQCFvkWcUDBtl/WTD+uiYHjd8igA=
github.com/aws/aws-sdk-go-v2/service/s3 v1.79.3 h1:BRXS0U76Z8wfF+bnkilA2QwpIch6URlm++yPUt9QPmQ=
github.com/aws/aws-sdk-go-v2/service/s3 v1.79.3/go.mod h1:bNXKFFyaiVvWuR6O16h/I1724+aXe/tAkA9/QS01t5k=
github.com/aws/aws-sdk-go-v2/service/sso v1.25.3 h1:1Gw+9ajCV1jogloEv1RRnvfRFia2cL6c9cuKV2Ps+G8=
github.com/aws/aws-sdk-go-v2/service/sso v1.25.3/go.mod h1:qs4a9T5EMLl/Cajiw2TcbNt2UNo/Hqlyp+GiuG4CFDI=
github.com/aws/aws-sdk-go-v2/service/ssooidc v1.30.1 h1:hXmVKytPfTy5axZ+fYbR5d0cFmC3JvwLm5kM83luako=
github.com/aws/aws-sdk-go-v2/service/ssooidc v1.30.1/go.mod h1:MlYRNmYu/fGPoxBQVvBYr9nyr948aY/WLUvwBMBJubs=
github.com/aws/aws-sdk-go-v2/service/sts v1.33.19 h1:1XuUZ8mYJw9B6lzAkXhqHlJd/XvaX32evhproijJEZY=
github.com/aws/aws-sdk-go-v2/service/sts v1.33.19/go.mod h1:cQnB8CUnxbMU82JvlqjKR2HBOm3fe9pWorWBza6MBJ4=
github.com/aws/smithy-go v1.22.2 h1:6D9hW43xKFrRx/tXXfAlIZc4JI+yQe6snnWcQyxSyLQ=
github.com/aws/smithy-go v1.22.2/go.mod h1:irrKGvNn1InZwb2d7fkIRNucdfwR8R+Ts3wxYa/cJHg=
github.com/creack/pty v1.1.9/go.mod h1:oKZEueFk5CKHvIhNR5MUki03XCEU+Q6VDXinZuGJ33E=
github.com/davecgh/go-spew v1.1.0/go.mod h1:J7Y8YcW2NihsgmVo/mv3lAwl/skON4iLHjSsI+c5H38=
github.com/davecgh/go-spew v1.1.1 h1:vj9j/u1bqnvCEfJOwUhtlOARqs3+rkHYY13jYWTU97c=
github.com/davecgh/go-spew v1.1.1/go.mod h1:J7Y8YcW2NihsgmVo/mv3lAwl/skON4iLHjSsI+c5H38=
github.com/go-openapi/jsonpointer v0.19.3/go.mod h1:Pl9vOtqEWErmShwVjC8pYs9cog34VGT37dQOVbmoatg=
github.com/go-openapi/jsonpointer v0.19.5 h1:gZr+CIYByUqjcgeLXnQu2gHYQC9o73G2XUeOFYEICuY=
github.com/go-openapi/jsonpointer v0.19.5/go.mod h1:Pl9vOtqEWErmShwVjC8pYs9cog34VGT37dQOVbmoatg=
github.com/go-openapi/jsonreference v0.20.0 h1:MYlu0sBgChmCfJxxUKZ8g1cPWFOB37YSZqewK7OKeyA=
github.com/go-openapi/jsonreference v0.20.0/go.mod h1:Ag74Ico3lPc+zR+qjn4XBUmXymS4zJbYVCZmcgkasdo=
github.com/go-openapi/spec v0.20.6 h1:ich1RQ3WDbfoeTqTAb+5EIxNmpKVJZWBNah9RAT0jIQ=
github.com/go-openapi/spec v0.20.6/go.mod h1:2OpW+JddWPrpXSCIX8eOx7lZ5iyuWj3RYR6VaaBKcWA=
github.com/go-openapi/swag v0.19.5/go.mod h1:POnQmlKehdgb5mhVOsnJFsivZCEZ/vjK9gh66Z9tfKk=
github.com/go-openapi/swag v0.19.15 h1:D2NRCBzS9/pEY3gP9Nl8aDqGUcPFrwG2p+CNFrLyrCM=
github.com/go-openapi/swag v0.19.15/go.mod h1:QYRuS/SOXUCsnplDa677K7+DxSOj6IPNl/eQntq43wQ=
github.com/google/go-cmp v0.5.9 h1:O2Tfq5qg4qc4AmwVlvv0oLiVAGB7enBSJ2x2DqQFi38=
github.com/google/go-cmp v0.5.9/go.mod h1:17dUlkBOakJ0+DkrSSNjCkIjxS6bF9zb3elmeNGIjoY=
github.com/joho/godotenv v1.5.1 h1:7eLL/+HRGLY0ldzfGMeQkb7vMd0as4CfYvUVzLqw0N0=
github.com/joho/godotenv v1.5.1/go.mod h1:f4LDr5Voq0i2e/R5DDNOoa2zzDfwtkZa6DnEwAbqwq4=
github.com/josharian/intern v1.0.0 h1:vlS4z54oSdjm0bgjRigI+G1HpF+tI+9rE5LLzOg8HmY=
github.com/josharian/intern v1.0.0/go.mod h1:5DoeVV0s6jJacbCEi61lwdGj/aVlrQvzHFFd8Hwg//Y=
github.com/kr/pretty v0.1.0/go.mod h1:dAy3ld7l9f0ibDNOQOHHMYYIIbhfbHSm3C4ZsoJORNo=
github.com/kr/pty v1.1.1/go.mod h1:pFQYn66WHrOpPYNljwOMqo10TkYh1fy3cYio2l3bCsQ=
github.com/kr/text v0.1.0/go.mod h1:4Jbv+DJW3UT/LiOwJeYQe1efqtUx/iVham/4vfdArNI=
github.com/kr/text v0.2.0 h1:5Nx0Ya0ZqY2ygV366QzturHI13Jq95ApcVaJBhpS+AY=
github.com/kr/text v0.2.0/go.mod h1:eLer722TekiGuMkidMxC/pM04lWEeraHUUmBw8l2grE=
github.com/libsql/sqlite-antlr4-parser v0.0.0-20240327125255-dbf53b6cbf06 h1:JLvn7D+wXjH9g4Jsjo+VqmzTUpl/LX7vfr6VOfSWTdM=
github.com/libsql/sqlite-antlr4-parser v0.0.0-20240327125255-dbf53b6cbf06/go.mod h1:FUkZ5OHjlGPjnM2UyGJz9TypXQFgYqw6AFNO1UiROTM=
github.com/mailru/easyjson v0.0.0-20190614124828-94de47d64c63/go.mod h1:C1wdFJiN94OJF2b5HbByQZoLdCWB1Yqtg26g4irojpc=
github.com/mailru/easyjson v0.0.0-20190626092158-b2ccc519800e/go.mod h1:C1wdFJiN94OJF2b5HbByQZoLdCWB1Yqtg26g4irojpc=
github.com/mailru/easyjson v0.7.6 h1:8yTIVnZgCoiM1TgqoeTl+LfU5Jg6/xL3QhGQnimLYnA=
github.com/mailru/easyjson v0.7.6/go.mod h1:xzfreul335JAWq5oZzymOObrkdz5UnU4kGfJJLY9Nlc=
github.com/niemeyer/pretty v0.0.0-20200227124842-a10e7caefd8e h1:fD57ERR4JtEqsWbfPhv4DMiApHyliiK5xCTNVSPiaAs=
github.com/niemeyer/pretty v0.0.0-20200227124842-a10e7caefd8e/go.mod h1:zD1mROLANZcx1PVRCS0qkT7pwLkGfwJo4zjcN/Tysno=
github.com/pkg/errors v0.9.1 h1:FEBLx1zS214owpjy7qsBeixbURkuhQAwrK5UwLGTwt4=
github.com/pkg/errors v0.9.1/go.mod h1:bwawxfHBFNV+L2hUp1rHADufV3IMtnDRdf1r5NINEl0=
github.com/pmezard/go-difflib v1.0.0 h1:4DBwDE0NGyQoBHbLQYPwSUPoCMWR5BEzIk/f1lZbAQM=
github.com/pmezard/go-difflib v1.0.0/go.mod h1:iKH77koFhYxTK1pcRnkKkqfTogsbg7gZNVY4sRDYZ/4=
github.com/stretchr/objx v0.1.0/go.mod h1:HFkY916IF+rwdDfMAkV7OtwuqBVzrE8GR6GFx+wExME=
github.com/stretchr/testify v1.3.0/go.mod h1:M5WIy9Dh21IEIfnGCwXGc5bZfKNJtfHm1UVUgZn+9EI=
github.com/stretchr/testify v1.6.1/go.mod h1:6Fq8oRcR53rry900zMqJjRRixrwX3KX962/h/Wwjteg=
github.com/stretchr/testify v1.7.2 h1:4jaiDzPyXQvSd7D0EjG45355tLlV3VOECpq10pLC+8s=
github.com/stretchr/testify v1.7.2/go.mod h1:R6va5+xMeoiuVRoj+gSkQ7d3FALtqAAGI1FQKckRals=
github.com/swaggo/files/v2 v2.0.0 h1:hmAt8Dkynw7Ssz46F6pn8ok6YmGZqHSVLZ+HQM7i0kw=
github.com/swaggo/files/v2 v2.0.0/go.mod h1:24kk2Y9NYEJ5lHuCra6iVwkMjIekMCaFq/0JQj66kyM=
github.com/swaggo/http-swagger/v2 v2.0.2 h1:FKCdLsl+sFCx60KFsyM0rDarwiUSZ8DqbfSyIKC9OBg=
github.com/swaggo/http-swagger/v2 v2.0.2/go.mod h1:r7/GBkAWIfK6E/OLnE8fXnviHiDeAHmgIyooa4xm3AQ=
github.com/swaggo/swag v1.16.4 h1:clWJtd9LStiG3VeijiCfOVODP6VpHtKdQy9ELFG3s1A=
github.com/swaggo/swag v1.16.4/go.mod h1:VBsHJRsDvfYvqoiMKnsdwhNV9LEMHgEDZcyVYX0sxPg=
github.com/tursodatabase/go-libsql v0.0.0-20250416102726-983f7e9acb0e h1:DUEcD8ukLWxIlcRWWJSuAX6IbEQln2bc7t9HOT45FFk=
github.com/tursodatabase/go-libsql v0.0.0-20250416102726-983f7e9acb0e/go.mod h1:TjsB2miB8RW2Sse8sdxzVTdeGlx74GloD5zJYUC38d8=
golang.org/x/exp v0.0.0-20230515195305-f3d0a9c9a5cc h1:mCRnTeVUjcrhlRmO0VK8a6k6Rrf6TF9htwo2pJVSjIU=
golang.org/x/exp v0.0.0-20230515195305-f3d0a9c9a5cc/go.mod h1:V1LtkGg67GoY2N1AnLN78QLrzxkLyJw7RJb1gzOOz9w=
golang.org/x/mod v0.9.0 h1:KENHtAZL2y3NLMYZeHY9DW8HW8V+kQyJsY/V9JlKvCs=
golang.org/x/mod v0.9.0/go.mod h1:iBbtSCu2XBx23ZKBPSOrRkjjQPZFPuis4dIYUhu/chs=
golang.org/x/sync v0.6.0 h1:5BMeUDZ7vkXGfEr1x9B4bRcTH4lpkTkpdh0T/J+qjbQ=
golang.org/x/sync v0.6.0/go.mod h1:Czt+wKu1gCyEFDUtn0jG5QVvpJ6rzVqr5aXyt9drQfk=
golang.org/x/sys v0.28.0 h1:Fksou7UEQUWlKvIdsqzJmUmCX3cZuD2+P3XyyzwMhlA=
golang.org/x/sys v0.28.0/go.mod h1:/VUhepiaJMQUp4+oa/7Zr1D23ma6VTLIYjOOTFZPUcA=
golang.org/x/tools v0.7.0 h1:W4OVu8VVOaIO0yzWMNdepAulS7YfoS3Zabrm8DOXXU4=
golang.org/x/tools v0.7.0/go.mod h1:4pg6aUX35JBAogB10C9AtvVL+qowtN4pT3CGSQex14s=
gopkg.in/check.v1 v0.0.0-20161208181325-20d25e280405/go.mod h1:Co6ibVJAznAaIkqp8huTwlJQCZ016jof/cbN4VW5Yz0=
gopkg.in/check.v1 v1.0.0-20180628173108-788fd7840127/go.mod h1:Co6ibVJAznAaIkqp8huTwlJQCZ016jof/cbN4VW5Yz0=
gopkg.in/check.v1 v1.0.0-20200227125254-8fa46927fb4f h1:BLraFXnmrev5lT+xlilqcH8XK9/i0At2xKjWk4p6zsU=
gopkg.in/check.v1 v1.0.0-20200227125254-8fa46927fb4f/go.mod h1:Co6ibVJAznAaIkqp8huTwlJQCZ016jof/cbN4VW5Yz0=
gopkg.in/yaml.v2 v2.2.2/go.mod h1:hI93XBmqTisBFMUTm0b8Fm+jr3Dg1NNxqwp+5A1VGuI=
gopkg.in/yaml.v2 v2.4.0 h1:D8xgwECY7CYvx+Y2n4sBz93Jn9JRvxdiyyo8CTfuKaY=
gopkg.in/yaml.v2 v2.4.0/go.mod h1:RDklbk79AGWmwhnvt/jBztapEOGDOx6ZbXqjP6csGnQ=
gopkg.in/yaml.v3 v3.0.0-20200313102051-9f266ea9e77c/go.mod h1:K4uyk7z7BCEPqu6E+C64Yfv1cQ7kz7rIZviUmN+EgEM=
gopkg.in/yaml.v3 v3.0.0-20200615113413-eeeca48fe776/go.mod h1:K4uyk7z7BCEPqu6E+C64Yfv1cQ7kz7rIZviUmN+EgEM=
gopkg.in/yaml.v3 v3.0.1 h1:fxVm/GzAzEWqLHuvctI91KS9hhNmmWOoWu0XTYJS7CA=
gopkg.in/yaml.v3 v3.0.1/go.mod h1:K4uyk7z7BCEPqu6E+C64Yfv1cQ7kz7rIZviUmN+EgEM=
gotest.tools v2.2.0+incompatible h1:VsBPFP1AI068pPrMxtb/S8Zkgf9xEmTLJjfM+P5UIEo=
gotest.tools v2.2.0+incompatible/go.mod h1:DsYFclhRJ6vuDpmuTbkuFWG+y2sxOXAzmJt81HFBacw=
